// !$*UTF8*$!
{
	archiveVersion = 1;
	classes = {
	};
	objectVersion = 42;
	objects = {

/* Begin PBXBuildFile section */
		6A2B8A801B700F58004D20DB /* Python.framework in Frameworks */ = {isa = PBXBuildFile; fileRef = 6A2B8A7F1B700F58004D20DB /* Python.framework */; };
		8D01CCCA0486CAD60068D4B7 /* InfoPlist.strings in Resources */ = {isa = PBXBuildFile; fileRef = 089C167DFE841241C02AAC07 /* InfoPlist.strings */; };
		8D01CCCE0486CAD60068D4B7 /* Carbon.framework in Frameworks */ = {isa = PBXBuildFile; fileRef = 08EA7FFBFE8413EDC02AAC07 /* Carbon.framework */; };
		F2671FC5128570F200D03EFF /* PythonPlugin.izzyplug in CopyFiles */ = {isa = PBXBuildFile; fileRef = 8D01CCD20486CAD60068D4B7 /* PythonPlugin.izzyplug */; };
		F2C515440BC78B4000F4E205 /* IsadoraLib.a in Frameworks */ = {isa = PBXBuildFile; fileRef = F2C515430BC78B4000F4E205 /* IsadoraLib.a */; };
		F2D2B6910BB25AA200501B82 /* isadora_plugin.icns in Resources */ = {isa = PBXBuildFile; fileRef = F2D2B6900BB25AA200501B82 /* isadora_plugin.icns */; };
		F2D2B6930BB25AA900501B82 /* PythonPlugin.cpp in Sources */ = {isa = PBXBuildFile; fileRef = F2D2B6920BB25AA900501B82 /* PythonPlugin.cpp */; };
		F2D2B6C20BB25BF100501B82 /* QuickTime.framework in Frameworks */ = {isa = PBXBuildFile; fileRef = F2D2B6C10BB25BF100501B82 /* QuickTime.framework */; };
		F2D2B7370BB25E9A00501B82 /* Plugin Resources.rsrc in Rez */ = {isa = PBXBuildFile; fileRef = F2D2B7360BB25E9A00501B82 /* Plugin Resources.rsrc */; };
/* End PBXBuildFile section */

/* Begin PBXCopyFilesBuildPhase section */
		F2671FC3128570CC00D03EFF /* CopyFiles */ = {
			isa = PBXCopyFilesBuildPhase;
			buildActionMask = 2147483647;
			dstPath = "/Library/Application Support/TroikaTronix/Isadora Plugins";
			dstSubfolderSpec = 0;
			files = (
				F2671FC5128570F200D03EFF /* PythonPlugin.izzyplug in CopyFiles */,
			);
			runOnlyForDeploymentPostprocessing = 0;
		};
/* End PBXCopyFilesBuildPhase section */

/* Begin PBXFileReference section */
		089C167EFE841241C02AAC07 /* English */ = {isa = PBXFileReference; fileEncoding = 10; lastKnownFileType = text.plist.strings; name = English; path = English.lproj/InfoPlist.strings; sourceTree = "<group>"; };
		08EA7FFBFE8413EDC02AAC07 /* Carbon.framework */ = {isa = PBXFileReference; lastKnownFileType = wrapper.framework; name = Carbon.framework; path = /System/Library/Frameworks/Carbon.framework; sourceTree = "<absolute>"; };
		32BAE0B30371A71500C91783 /* IsadoraPluginPrefix.pch */ = {isa = PBXFileReference; fileEncoding = 4; lastKnownFileType = sourcecode.c.h; path = IsadoraPluginPrefix.pch; sourceTree = "<group>"; };
		6A2B8A7F1B700F58004D20DB /* Python.framework */ = {isa = PBXFileReference; lastKnownFileType = wrapper.framework; name = Python.framework; path = ../../../../../../../../../System/Library/Frameworks/Python.framework; sourceTree = "<group>"; };
		8D01CCD10486CAD60068D4B7 /* Info.plist */ = {isa = PBXFileReference; fileEncoding = 4; lastKnownFileType = text.plist; path = Info.plist; sourceTree = "<group>"; };
		8D01CCD20486CAD60068D4B7 /* PythonPlugin.izzyplug */ = {isa = PBXFileReference; explicitFileType = wrapper.cfbundle; includeInIndex = 0; path = PythonPlugin.izzyplug; sourceTree = BUILT_PRODUCTS_DIR; };
		F2C515430BC78B4000F4E205 /* IsadoraLib.a */ = {isa = PBXFileReference; lastKnownFileType = archive.ar; name = IsadoraLib.a; path = ../IsadoraLib/IsadoraLib.a; sourceTree = SOURCE_ROOT; };
		F2D2B6900BB25AA200501B82 /* isadora_plugin.icns */ = {isa = PBXFileReference; lastKnownFileType = image.icns; path = isadora_plugin.icns; sourceTree = "<group>"; };
		F2D2B6920BB25AA900501B82 /* PythonPlugin.cpp */ = {isa = PBXFileReference; fileEncoding = 30; lastKnownFileType = sourcecode.cpp.cpp; path = PythonPlugin.cpp; sourceTree = "<group>"; };
		F2D2B6C10BB25BF100501B82 /* QuickTime.framework */ = {isa = PBXFileReference; lastKnownFileType = wrapper.framework; name = QuickTime.framework; path = /System/Library/Frameworks/QuickTime.framework; sourceTree = "<absolute>"; };
		F2D2B7360BB25E9A00501B82 /* Plugin Resources.rsrc */ = {isa = PBXFileReference; lastKnownFileType = archive.rsrc; path = "Plugin Resources.rsrc"; sourceTree = "<group>"; };
/* End PBXFileReference section */

/* Begin PBXFrameworksBuildPhase section */
		8D01CCCD0486CAD60068D4B7 /* Frameworks */ = {
			isa = PBXFrameworksBuildPhase;
			buildActionMask = 2147483647;
			files = (
				8D01CCCE0486CAD60068D4B7 /* Carbon.framework in Frameworks */,
				F2D2B6C20BB25BF100501B82 /* QuickTime.framework in Frameworks */,
				6A2B8A801B700F58004D20DB /* Python.framework in Frameworks */,
				F2C515440BC78B4000F4E205 /* IsadoraLib.a in Frameworks */,
			);
			runOnlyForDeploymentPostprocessing = 0;
		};
/* End PBXFrameworksBuildPhase section */

/* Begin PBXGroup section */
		089C166AFE841209C02AAC07 /* PythonPlugin */ = {
			isa = PBXGroup;
			children = (
				08FB77ADFE841716C02AAC07 /* Source */,
				F2C515470BC78B4400F4E205 /* Libraries */,
				089C167CFE841241C02AAC07 /* Resources */,
				089C1671FE841209C02AAC07 /* External Frameworks and Libraries */,
				19C28FB4FE9D528D11CA2CBB /* Products */,
			);
			name = PythonPlugin;
			sourceTree = "<group>";
		};
		089C1671FE841209C02AAC07 /* External Frameworks and Libraries */ = {
			isa = PBXGroup;
			children = (
				6A2B8A7F1B700F58004D20DB /* Python.framework */,
				08EA7FFBFE8413EDC02AAC07 /* Carbon.framework */,
				F2D2B6C10BB25BF100501B82 /* QuickTime.framework */,
			);
			name = "External Frameworks and Libraries";
			sourceTree = "<group>";
		};
		089C167CFE841241C02AAC07 /* Resources */ = {
			isa = PBXGroup;
			children = (
				F2D2B6900BB25AA200501B82 /* isadora_plugin.icns */,
				8D01CCD10486CAD60068D4B7 /* Info.plist */,
				089C167DFE841241C02AAC07 /* InfoPlist.strings */,
			);
			name = Resources;
			sourceTree = "<group>";
		};
		08FB77ADFE841716C02AAC07 /* Source */ = {
			isa = PBXGroup;
			children = (
				32BAE0B30371A71500C91783 /* IsadoraPluginPrefix.pch */,
				F2D2B6920BB25AA900501B82 /* PythonPlugin.cpp */,
				F2D2B7360BB25E9A00501B82 /* Plugin Resources.rsrc */,
			);
			name = Source;
			sourceTree = "<group>";
		};
		19C28FB4FE9D528D11CA2CBB /* Products */ = {
			isa = PBXGroup;
			children = (
				8D01CCD20486CAD60068D4B7 /* PythonPlugin.izzyplug */,
			);
			name = Products;
			sourceTree = "<group>";
		};
		F2C515470BC78B4400F4E205 /* Libraries */ = {
			isa = PBXGroup;
			children = (
				F2C515430BC78B4000F4E205 /* IsadoraLib.a */,
			);
			name = Libraries;
			sourceTree = "<group>";
		};
/* End PBXGroup section */

/* Begin PBXNativeTarget section */
		8D01CCC60486CAD60068D4B7 /* PythonPlugin */ = {
			isa = PBXNativeTarget;
			buildConfigurationList = 4FADC23308B4156C00ABE55E /* Build configuration list for PBXNativeTarget "PythonPlugin" */;
			buildPhases = (
				F2D2B7300BB25E7D00501B82 /* Rez */,
				8D01CCC90486CAD60068D4B7 /* Resources */,
				8D01CCCB0486CAD60068D4B7 /* Sources */,
				8D01CCCD0486CAD60068D4B7 /* Frameworks */,
				F2671FC3128570CC00D03EFF /* CopyFiles */,
			);
			buildRules = (
			);
			dependencies = (
			);
			name = PythonPlugin;
			productInstallPath = "$(HOME)/Library/Bundles";
			productName = PythonPlugin;
			productReference = 8D01CCD20486CAD60068D4B7 /* PythonPlugin.izzyplug */;
			productType = "com.apple.product-type.bundle";
		};
/* End PBXNativeTarget section */

/* Begin PBXProject section */
		089C1669FE841209C02AAC07 /* Project object */ = {
			isa = PBXProject;
			buildConfigurationList = 4FADC23708B4156C00ABE55E /* Build configuration list for PBXProject "PythonPlugin" */;
			compatibilityVersion = "Xcode 2.4";
			developmentRegion = English;
			hasScannedForEncodings = 1;
			knownRegions = (
				English,
				Japanese,
				French,
				German,
			);
			mainGroup = 089C166AFE841209C02AAC07 /* PythonPlugin */;
			projectDirPath = "";
			projectRoot = "";
			targets = (
				8D01CCC60486CAD60068D4B7 /* PythonPlugin */,
			);
		};
/* End PBXProject section */

/* Begin PBXResourcesBuildPhase section */
		8D01CCC90486CAD60068D4B7 /* Resources */ = {
			isa = PBXResourcesBuildPhase;
			buildActionMask = 2147483647;
			files = (
				8D01CCCA0486CAD60068D4B7 /* InfoPlist.strings in Resources */,
				F2D2B6910BB25AA200501B82 /* isadora_plugin.icns in Resources */,
			);
			runOnlyForDeploymentPostprocessing = 0;
		};
/* End PBXResourcesBuildPhase section */

/* Begin PBXRezBuildPhase section */
		F2D2B7300BB25E7D00501B82 /* Rez */ = {
			isa = PBXRezBuildPhase;
			buildActionMask = 2147483647;
			files = (
				F2D2B7370BB25E9A00501B82 /* Plugin Resources.rsrc in Rez */,
			);
			runOnlyForDeploymentPostprocessing = 0;
		};
/* End PBXRezBuildPhase section */

/* Begin PBXSourcesBuildPhase section */
		8D01CCCB0486CAD60068D4B7 /* Sources */ = {
			isa = PBXSourcesBuildPhase;
			buildActionMask = 2147483647;
			files = (
				F2D2B6930BB25AA900501B82 /* PythonPlugin.cpp in Sources */,
			);
			runOnlyForDeploymentPostprocessing = 0;
		};
/* End PBXSourcesBuildPhase section */

/* Begin PBXVariantGroup section */
		089C167DFE841241C02AAC07 /* InfoPlist.strings */ = {
			isa = PBXVariantGroup;
			children = (
				089C167EFE841241C02AAC07 /* English */,
			);
			name = InfoPlist.strings;
			sourceTree = "<group>";
		};
/* End PBXVariantGroup section */

/* Begin XCBuildConfiguration section */
		4FADC23408B4156C00ABE55E /* Debug */ = {
			isa = XCBuildConfiguration;
			buildSettings = {
				ARCHS = "$(ARCHS_STANDARD_32_BIT_PRE_XCODE_3_1)";
				ARCHS_STANDARD_32_BIT_PRE_XCODE_3_1 = "ppc i386";
				COPY_PHASE_STRIP = NO;
				FRAMEWORK_SEARCH_PATHS = (
					"$(inherited)",
					"$(FRAMEWORK_SEARCH_PATHS_QUOTED_1)",
				);
				FRAMEWORK_SEARCH_PATHS_QUOTED_1 = "";
				GCC_DYNAMIC_NO_PIC = NO;
				GCC_ENABLE_FIX_AND_CONTINUE = YES;
				GCC_MODEL_TUNING = G5;
				GCC_OPTIMIZATION_LEVEL = 0;
				GCC_PRECOMPILE_PREFIX_HEADER = YES;
				GCC_PREFIX_HEADER = IsadoraPluginPrefix.pch;
				GCC_PREPROCESSOR_DEFINITIONS = (
					DEBUG,
					ISADORA_PLUGIN,
				);
				GCC_VERSION = "";
				GENERATE_PKGINFO_FILE = YES;
				HEADER_SEARCH_PATHS = "\"$(SRCROOT)/../IsadoraLib/Includes\"";
				INFOPLIST_FILE = Info.plist;
				INSTALL_PATH = "$(HOME)/Library/Bundles";
				LIBRARY_SEARCH_PATHS = (
					"$(inherited)",
					"$(LIBRARY_SEARCH_PATHS_QUOTED_1)",
				);
				LIBRARY_SEARCH_PATHS_QUOTED_1 = "\"$(SRCROOT)/../IsadoraLib\"";
				PRODUCT_NAME = PythonPlugin;
				WRAPPER_EXTENSION = izzyplug;
				ZERO_LINK = NO;
			};
			name = Debug;
		};
		4FADC23508B4156C00ABE55E /* Release */ = {
			isa = XCBuildConfiguration;
			buildSettings = {
				ARCHS = "$(ARCHS_STANDARD_32_BIT_PRE_XCODE_3_1)";
				ARCHS_STANDARD_32_BIT_PRE_XCODE_3_1 = "ppc i386";
				FRAMEWORK_SEARCH_PATHS = (
					"$(inherited)",
					"$(FRAMEWORK_SEARCH_PATHS_QUOTED_1)",
				);
				FRAMEWORK_SEARCH_PATHS_QUOTED_1 = "";
				GCC_GENERATE_DEBUGGING_SYMBOLS = NO;
				GCC_MODEL_TUNING = G5;
				GCC_PRECOMPILE_PREFIX_HEADER = YES;
				GCC_PREFIX_HEADER = IsadoraPluginPrefix.pch;
				GCC_PREPROCESSOR_DEFINITIONS = (
					NDEBUG,
					ISADORA_PLUGIN,
				);
				GCC_VERSION = "";
				GENERATE_PKGINFO_FILE = YES;
				HEADER_SEARCH_PATHS = "\"$(SRCROOT)/../IsadoraLib/Includes\"";
				INFOPLIST_FILE = Info.plist;
				INSTALL_PATH = "$(HOME)/Library/Bundles";
				LIBRARY_SEARCH_PATHS = (
					"$(inherited)",
					"$(LIBRARY_SEARCH_PATHS_QUOTED_1)",
				);
				LIBRARY_SEARCH_PATHS_QUOTED_1 = "\"$(SRCROOT)/../IsadoraLib\"";
				PRODUCT_NAME = PythonPlugin;
				WRAPPER_EXTENSION = izzyplug;
			};
			name = Release;
		};
		4FADC23808B4156C00ABE55E /* Debug */ = {
			isa = XCBuildConfiguration;
			buildSettings = {
				GCC_WARN_ABOUT_RETURN_TYPE = YES;
				GCC_WARN_UNUSED_VARIABLE = YES;
				MACOSX_DEPLOYMENT_TARGET = 10.7;
				PREBINDING = NO;
				SDKROOT = "";
			};
			name = Debug;
		};
		4FADC23908B4156C00ABE55E /* Release */ = {
			isa = XCBuildConfiguration;
			buildSettings = {
				GCC_WARN_ABOUT_RETURN_TYPE = YES;
				GCC_WARN_UNUSED_VARIABLE = YES;
				MACOSX_DEPLOYMENT_TARGET = 10.7;
				PREBINDING = NO;
				SDKROOT = "";
			};
			name = Release;
		};
/* End XCBuildConfiguration section */

/* Begin XCConfigurationList section */
		4FADC23308B4156C00ABE55E /* Build configuration list for PBXNativeTarget "PythonPlugin" */ = {
			isa = XCConfigurationList;
			buildConfigurations = (
				4FADC23408B4156C00ABE55E /* Debug */,
				4FADC23508B4156C00ABE55E /* Release */,
			);
			defaultConfigurationIsVisible = 0;
			defaultConfigurationName = Release;
		};
		4FADC23708B4156C00ABE55E /* Build configuration list for PBXProject "PythonPlugin" */ = {
			isa = XCConfigurationList;
			buildConfigurations = (
				4FADC23808B4156C00ABE55E /* Debug */,
				4FADC23908B4156C00ABE55E /* Release */,
			);
			defaultConfigurationIsVisible = 0;
			defaultConfigurationName = Release;
		};
/* End XCConfigurationList section */
	};
	rootObject = 089C1669FE841209C02AAC07 /* Project object */;
}
